<?xml version="1.0" encoding="utf-8"?>
<Project ToolsVersion="4.0" xmlns="http://schemas.microsoft.com/developer/msbuild/2003">
  <ItemGroup>
    <Filter Include="src">
      <UniqueIdentifier>{d0fc6a61-2ec1-4314-a59e-e81f864ad115}</UniqueIdentifier>
    </Filter>
  </ItemGroup>
  <ItemGroup>
    <ClCompile Include="..\..\..\CAAPLMClientAdapter.edu\CAAAdpPLMAttributes.m\src\CAAAdpPLMAttributes.cpp">
      <Filter>src</Filter>
    </ClCompile>
    <None Include="..\..\..\CAAPLMClientAdapter.edu\CAAAdpPLMAttributes.m\Imakefile.mk">
      <Filter>
      </Filter>
    </None>
  </ItemGroup>
</Project>