<?xml version="1.0" encoding="utf-8"?>
<Project ToolsVersion="4.0" xmlns="http://schemas.microsoft.com/developer/msbuild/2003">
  <ItemGroup>
    <Filter Include="src">
      <UniqueIdentifier>{8a5e7a44-46c3-4807-88db-b2261a180c93}</UniqueIdentifier>
    </Filter>
  </ItemGroup>
  <ItemGroup>
    <ClCompile Include="..\..\..\CAAPLMClientAdapter.edu\CAAAdpMaturity.m\src\CAAAdpMaturity.cpp">
      <Filter>src</Filter>
    </ClCompile>
    <None Include="..\..\..\CAAPLMClientAdapter.edu\CAAAdpMaturity.m\Imakefile.mk">
      <Filter>
      </Filter>
    </None>
  </ItemGroup>
</Project>