<?xml version="1.0" encoding="utf-8"?>
<Project ToolsVersion="4.0" xmlns="http://schemas.microsoft.com/developer/msbuild/2003">
  <ItemGroup>
    <Filter Include="src">
      <UniqueIdentifier>{6c239bc2-8597-4435-87c6-7dc8ad63ef03}</UniqueIdentifier>
    </Filter>
  </ItemGroup>
  <ItemGroup>
    <ClCompile Include="..\..\..\CAAPLMClientAdapter.edu\CAAAdpDisplayMaskedPLMAttributes.m\src\CAAAdpDisplayMaskedPLMAttributes.cpp">
      <Filter>src</Filter>
    </ClCompile>
    <None Include="..\..\..\CAAPLMClientAdapter.edu\CAAAdpDisplayMaskedPLMAttributes.m\Imakefile.mk">
      <Filter>
      </Filter>
    </None>
  </ItemGroup>
</Project>