<?xml version="1.0" encoding="utf-8"?>
<Project ToolsVersion="4.0" xmlns="http://schemas.microsoft.com/developer/msbuild/2003">
  <ItemGroup>
    <Filter Include="src">
      <UniqueIdentifier>{7cf1688d-5fcd-48f0-8366-2343df0835cb}</UniqueIdentifier>
    </Filter>
  </ItemGroup>
  <ItemGroup>
    <ClCompile Include="..\..\..\CAAPLMClientAdapter.edu\CAAAdpQueryWithIDSet.m\src\CAAAdpQueryWithIDSet.cpp">
      <Filter>src</Filter>
    </ClCompile>
    <None Include="..\..\..\CAAPLMClientAdapter.edu\CAAAdpQueryWithIDSet.m\Imakefile.mk">
      <Filter>
      </Filter>
    </None>
  </ItemGroup>
</Project>