<?xml version="1.0" encoding="utf-8"?>
<Project ToolsVersion="4.0" xmlns="http://schemas.microsoft.com/developer/msbuild/2003">
  <ItemGroup>
    <Filter Include="src">
      <UniqueIdentifier>{39c30f70-002d-40e5-bb9e-19b4f9c38f4f}</UniqueIdentifier>
    </Filter>
  </ItemGroup>
  <ItemGroup>
    <ClCompile Include="..\..\..\CAADataLifeCycle.edu\CAADLCPLMBatchDownwardComp.m\src\CAADLCPLMBatchDownwardComp.cpp">
      <Filter>src</Filter>
    </ClCompile>
    <None Include="..\..\..\CAADataLifeCycle.edu\CAADLCPLMBatchDownwardComp.m\Imakefile.mk">
      <Filter>
      </Filter>
    </None>
  </ItemGroup>
</Project>